
Microsoft Visual Studio Solution File, Format Version 12.00
# Visual Studio 15
VisualStudioVersion = 15.0.27004.2002
MinimumVisualStudioVersion = 10.0.40219.1
Project("{8BC9CEB8-8B4A-11D0-8D11-00A0C91BC942}") = "neurons", "neurons\neurons_linux.vcxproj", "{53ED4DC9-5EC3-4910-8B0C-3C3BD9D75C10}"
EndProject
Project("{8BC9CEB8-8B4A-11D0-8D11-00A0C91BC942}") = "dataset", "dataset\dataset.vcxproj", "{E53717E6-CA58-426D-B405-D83891FD249C}"
EndProject
Project("{8BC9CEB8-8B4A-11D0-8D11-00A0C91BC942}") = "test", "test\test.vcxproj", "{EB128621-5EDA-4866-986A-FEFE845138B0}"
EndProject
Project("{8BC9CEB8-8B4A-11D0-8D11-00A0C91BC942}") = "dnn", "dnn\dnn.vcxproj", "{A4846D8B-F989-417F-A16F-E787741DFE08}"
EndProject
Global
	GlobalSection(SolutionConfigurationPlatforms) = preSolution
		Debug|ARM = Debug|ARM
		Debug|x64 = Debug|x64
		Debug|x86 = Debug|x86
		Release|ARM = Release|ARM
		Release|x64 = Release|x64
		Release|x86 = Release|x86
	EndGlobalSection
	GlobalSection(ProjectConfigurationPlatforms) = postSolution
		{53ED4DC9-5EC3-4910-8B0C-3C3BD9D75C10}.Debug|ARM.ActiveCfg = Debug|ARM
		{53ED4DC9-5EC3-4910-8B0C-3C3BD9D75C10}.Debug|ARM.Build.0 = Debug|ARM
		{53ED4DC9-5EC3-4910-8B0C-3C3BD9D75C10}.Debug|x64.ActiveCfg = Debug|x64
		{53ED4DC9-5EC3-4910-8B0C-3C3BD9D75C10}.Debug|x64.Build.0 = Debug|x64
		{53ED4DC9-5EC3-4910-8B0C-3C3BD9D75C10}.Debug|x86.ActiveCfg = Debug|x86
		{53ED4DC9-5EC3-4910-8B0C-3C3BD9D75C10}.Debug|x86.Build.0 = Debug|x86
		{53ED4DC9-5EC3-4910-8B0C-3C3BD9D75C10}.Release|ARM.ActiveCfg = Release|ARM
		{53ED4DC9-5EC3-4910-8B0C-3C3BD9D75C10}.Release|ARM.Build.0 = Release|ARM
		{53ED4DC9-5EC3-4910-8B0C-3C3BD9D75C10}.Release|x64.ActiveCfg = Release|x64
		{53ED4DC9-5EC3-4910-8B0C-3C3BD9D75C10}.Release|x64.Build.0 = Release|x64
		{53ED4DC9-5EC3-4910-8B0C-3C3BD9D75C10}.Release|x86.ActiveCfg = Release|x86
		{53ED4DC9-5EC3-4910-8B0C-3C3BD9D75C10}.Release|x86.Build.0 = Release|x86
		{E53717E6-CA58-426D-B405-D83891FD249C}.Debug|ARM.ActiveCfg = Debug|ARM
		{E53717E6-CA58-426D-B405-D83891FD249C}.Debug|ARM.Build.0 = Debug|ARM
		{E53717E6-CA58-426D-B405-D83891FD249C}.Debug|x64.ActiveCfg = Debug|x64
		{E53717E6-CA58-426D-B405-D83891FD249C}.Debug|x64.Build.0 = Debug|x64
		{E53717E6-CA58-426D-B405-D83891FD249C}.Debug|x86.ActiveCfg = Debug|x86
		{E53717E6-CA58-426D-B405-D83891FD249C}.Debug|x86.Build.0 = Debug|x86
		{E53717E6-CA58-426D-B405-D83891FD249C}.Release|ARM.ActiveCfg = Release|ARM
		{E53717E6-CA58-426D-B405-D83891FD249C}.Release|ARM.Build.0 = Release|ARM
		{E53717E6-CA58-426D-B405-D83891FD249C}.Release|x64.ActiveCfg = Release|x64
		{E53717E6-CA58-426D-B405-D83891FD249C}.Release|x64.Build.0 = Release|x64
		{E53717E6-CA58-426D-B405-D83891FD249C}.Release|x86.ActiveCfg = Release|x86
		{E53717E6-CA58-426D-B405-D83891FD249C}.Release|x86.Build.0 = Release|x86
		{EB128621-5EDA-4866-986A-FEFE845138B0}.Debug|ARM.ActiveCfg = Debug|ARM
		{EB128621-5EDA-4866-986A-FEFE845138B0}.Debug|ARM.Build.0 = Debug|ARM
		{EB128621-5EDA-4866-986A-FEFE845138B0}.Debug|x64.ActiveCfg = Debug|x64
		{EB128621-5EDA-4866-986A-FEFE845138B0}.Debug|x64.Build.0 = Debug|x64
		{EB128621-5EDA-4866-986A-FEFE845138B0}.Debug|x86.ActiveCfg = Debug|x86
		{EB128621-5EDA-4866-986A-FEFE845138B0}.Debug|x86.Build.0 = Debug|x86
		{EB128621-5EDA-4866-986A-FEFE845138B0}.Release|ARM.ActiveCfg = Release|ARM
		{EB128621-5EDA-4866-986A-FEFE845138B0}.Release|ARM.Build.0 = Release|ARM
		{EB128621-5EDA-4866-986A-FEFE845138B0}.Release|x64.ActiveCfg = Release|x64
		{EB128621-5EDA-4866-986A-FEFE845138B0}.Release|x64.Build.0 = Release|x64
		{EB128621-5EDA-4866-986A-FEFE845138B0}.Release|x86.ActiveCfg = Release|x86
		{EB128621-5EDA-4866-986A-FEFE845138B0}.Release|x86.Build.0 = Release|x86
		{A4846D8B-F989-417F-A16F-E787741DFE08}.Debug|ARM.ActiveCfg = Debug|ARM
		{A4846D8B-F989-417F-A16F-E787741DFE08}.Debug|ARM.Build.0 = Debug|ARM
		{A4846D8B-F989-417F-A16F-E787741DFE08}.Debug|x64.ActiveCfg = Debug|x64
		{A4846D8B-F989-417F-A16F-E787741DFE08}.Debug|x64.Build.0 = Debug|x64
		{A4846D8B-F989-417F-A16F-E787741DFE08}.Debug|x86.ActiveCfg = Debug|x86
		{A4846D8B-F989-417F-A16F-E787741DFE08}.Debug|x86.Build.0 = Debug|x86
		{A4846D8B-F989-417F-A16F-E787741DFE08}.Release|ARM.ActiveCfg = Release|ARM
		{A4846D8B-F989-417F-A16F-E787741DFE08}.Release|ARM.Build.0 = Release|ARM
		{A4846D8B-F989-417F-A16F-E787741DFE08}.Release|x64.ActiveCfg = Release|x64
		{A4846D8B-F989-417F-A16F-E787741DFE08}.Release|x64.Build.0 = Release|x64
		{A4846D8B-F989-417F-A16F-E787741DFE08}.Release|x86.ActiveCfg = Release|x86
		{A4846D8B-F989-417F-A16F-E787741DFE08}.Release|x86.Build.0 = Release|x86
	EndGlobalSection
	GlobalSection(SolutionProperties) = preSolution
		HideSolutionNode = FALSE
	EndGlobalSection
	GlobalSection(ExtensibilityGlobals) = postSolution
		SolutionGuid = {3B48D567-EB99-4FA4-892D-5EC130FCE7BD}
	EndGlobalSection
EndGlobal
