
Microsoft Visual Studio Solution File, Format Version 12.00
# Visual Studio 15
VisualStudioVersion = 15.0.27004.2002
MinimumVisualStudioVersion = 10.0.40219.1
Project("{8BC9CEB8-8B4A-11D0-8D11-00A0C91BC942}") = "neurons", "neurons\neurons.vcxproj", "{6A653CE8-0A8A-430C-B2A9-BF476864ED94}"
EndProject
Project("{8BC9CEB8-8B4A-11D0-8D11-00A0C91BC942}") = "test", "test\test.vcxproj", "{FEE95919-7424-4152-8A3E-F3F7C073A571}"
EndProject
Project("{8BC9CEB8-8B4A-11D0-8D11-00A0C91BC942}") = "cnn", "cnn\cnn.vcxproj", "{23D21156-A81C-4BFC-A3CD-16BABF75705B}"
EndProject
Project("{8BC9CEB8-8B4A-11D0-8D11-00A0C91BC942}") = "rnn", "rnn\rnn.vcxproj", "{C3E3AD01-6F33-4E0F-B5FA-B214B1019B01}"
EndProject
Project("{8BC9CEB8-8B4A-11D0-8D11-00A0C91BC942}") = "dnn", "dnn\dnn.vcxproj", "{8A710193-6D01-432D-98A5-BAC0AED84A3E}"
EndProject
Project("{8BC9CEB8-8B4A-11D0-8D11-00A0C91BC942}") = "dataset", "dataset\dataset.vcxproj", "{C176F335-CC3F-48B9-A2FE-E23C6D273F45}"
EndProject
Project("{8BC9CEB8-8B4A-11D0-8D11-00A0C91BC942}") = "misc", "misc\misc.vcxproj", "{456028EB-1F34-40B0-B478-63F2A5D4638C}"
EndProject
Project("{8BC9CEB8-8B4A-11D0-8D11-00A0C91BC942}") = "facetrain", "facetrain\facetrain.vcxproj", "{2AE3FC1B-8420-42BA-9EC8-05E52A710B96}"
EndProject
Global
	GlobalSection(SolutionConfigurationPlatforms) = preSolution
		Debug|Any CPU = Debug|Any CPU
		Debug|x64 = Debug|x64
		Debug|x86 = Debug|x86
		Release|Any CPU = Release|Any CPU
		Release|x64 = Release|x64
		Release|x86 = Release|x86
	EndGlobalSection
	GlobalSection(ProjectConfigurationPlatforms) = postSolution
		{6A653CE8-0A8A-430C-B2A9-BF476864ED94}.Debug|Any CPU.ActiveCfg = Debug|Win32
		{6A653CE8-0A8A-430C-B2A9-BF476864ED94}.Debug|x64.ActiveCfg = Debug|x64
		{6A653CE8-0A8A-430C-B2A9-BF476864ED94}.Debug|x64.Build.0 = Debug|x64
		{6A653CE8-0A8A-430C-B2A9-BF476864ED94}.Debug|x86.ActiveCfg = Debug|Win32
		{6A653CE8-0A8A-430C-B2A9-BF476864ED94}.Debug|x86.Build.0 = Debug|Win32
		{6A653CE8-0A8A-430C-B2A9-BF476864ED94}.Release|Any CPU.ActiveCfg = Release|Win32
		{6A653CE8-0A8A-430C-B2A9-BF476864ED94}.Release|x64.ActiveCfg = Release|x64
		{6A653CE8-0A8A-430C-B2A9-BF476864ED94}.Release|x64.Build.0 = Release|x64
		{6A653CE8-0A8A-430C-B2A9-BF476864ED94}.Release|x86.ActiveCfg = Release|Win32
		{6A653CE8-0A8A-430C-B2A9-BF476864ED94}.Release|x86.Build.0 = Release|Win32
		{FEE95919-7424-4152-8A3E-F3F7C073A571}.Debug|Any CPU.ActiveCfg = Debug|Win32
		{FEE95919-7424-4152-8A3E-F3F7C073A571}.Debug|x64.ActiveCfg = Debug|x64
		{FEE95919-7424-4152-8A3E-F3F7C073A571}.Debug|x64.Build.0 = Debug|x64
		{FEE95919-7424-4152-8A3E-F3F7C073A571}.Debug|x86.ActiveCfg = Debug|Win32
		{FEE95919-7424-4152-8A3E-F3F7C073A571}.Debug|x86.Build.0 = Debug|Win32
		{FEE95919-7424-4152-8A3E-F3F7C073A571}.Release|Any CPU.ActiveCfg = Release|Win32
		{FEE95919-7424-4152-8A3E-F3F7C073A571}.Release|x64.ActiveCfg = Release|x64
		{FEE95919-7424-4152-8A3E-F3F7C073A571}.Release|x64.Build.0 = Release|x64
		{FEE95919-7424-4152-8A3E-F3F7C073A571}.Release|x86.ActiveCfg = Release|Win32
		{FEE95919-7424-4152-8A3E-F3F7C073A571}.Release|x86.Build.0 = Release|Win32
		{23D21156-A81C-4BFC-A3CD-16BABF75705B}.Debug|Any CPU.ActiveCfg = Debug|Win32
		{23D21156-A81C-4BFC-A3CD-16BABF75705B}.Debug|x64.ActiveCfg = Debug|x64
		{23D21156-A81C-4BFC-A3CD-16BABF75705B}.Debug|x64.Build.0 = Debug|x64
		{23D21156-A81C-4BFC-A3CD-16BABF75705B}.Debug|x86.ActiveCfg = Debug|Win32
		{23D21156-A81C-4BFC-A3CD-16BABF75705B}.Debug|x86.Build.0 = Debug|Win32
		{23D21156-A81C-4BFC-A3CD-16BABF75705B}.Release|Any CPU.ActiveCfg = Release|Win32
		{23D21156-A81C-4BFC-A3CD-16BABF75705B}.Release|x64.ActiveCfg = Release|x64
		{23D21156-A81C-4BFC-A3CD-16BABF75705B}.Release|x64.Build.0 = Release|x64
		{23D21156-A81C-4BFC-A3CD-16BABF75705B}.Release|x86.ActiveCfg = Release|Win32
		{23D21156-A81C-4BFC-A3CD-16BABF75705B}.Release|x86.Build.0 = Release|Win32
		{C3E3AD01-6F33-4E0F-B5FA-B214B1019B01}.Debug|Any CPU.ActiveCfg = Debug|Win32
		{C3E3AD01-6F33-4E0F-B5FA-B214B1019B01}.Debug|x64.ActiveCfg = Debug|x64
		{C3E3AD01-6F33-4E0F-B5FA-B214B1019B01}.Debug|x64.Build.0 = Debug|x64
		{C3E3AD01-6F33-4E0F-B5FA-B214B1019B01}.Debug|x86.ActiveCfg = Debug|Win32
		{C3E3AD01-6F33-4E0F-B5FA-B214B1019B01}.Debug|x86.Build.0 = Debug|Win32
		{C3E3AD01-6F33-4E0F-B5FA-B214B1019B01}.Release|Any CPU.ActiveCfg = Release|Win32
		{C3E3AD01-6F33-4E0F-B5FA-B214B1019B01}.Release|x64.ActiveCfg = Release|x64
		{C3E3AD01-6F33-4E0F-B5FA-B214B1019B01}.Release|x64.Build.0 = Release|x64
		{C3E3AD01-6F33-4E0F-B5FA-B214B1019B01}.Release|x86.ActiveCfg = Release|Win32
		{C3E3AD01-6F33-4E0F-B5FA-B214B1019B01}.Release|x86.Build.0 = Release|Win32
		{8A710193-6D01-432D-98A5-BAC0AED84A3E}.Debug|Any CPU.ActiveCfg = Debug|Win32
		{8A710193-6D01-432D-98A5-BAC0AED84A3E}.Debug|x64.ActiveCfg = Debug|x64
		{8A710193-6D01-432D-98A5-BAC0AED84A3E}.Debug|x64.Build.0 = Debug|x64
		{8A710193-6D01-432D-98A5-BAC0AED84A3E}.Debug|x86.ActiveCfg = Debug|Win32
		{8A710193-6D01-432D-98A5-BAC0AED84A3E}.Debug|x86.Build.0 = Debug|Win32
		{8A710193-6D01-432D-98A5-BAC0AED84A3E}.Release|Any CPU.ActiveCfg = Release|Win32
		{8A710193-6D01-432D-98A5-BAC0AED84A3E}.Release|x64.ActiveCfg = Release|x64
		{8A710193-6D01-432D-98A5-BAC0AED84A3E}.Release|x64.Build.0 = Release|x64
		{8A710193-6D01-432D-98A5-BAC0AED84A3E}.Release|x86.ActiveCfg = Release|Win32
		{8A710193-6D01-432D-98A5-BAC0AED84A3E}.Release|x86.Build.0 = Release|Win32
		{C176F335-CC3F-48B9-A2FE-E23C6D273F45}.Debug|Any CPU.ActiveCfg = Debug|Win32
		{C176F335-CC3F-48B9-A2FE-E23C6D273F45}.Debug|x64.ActiveCfg = Debug|x64
		{C176F335-CC3F-48B9-A2FE-E23C6D273F45}.Debug|x64.Build.0 = Debug|x64
		{C176F335-CC3F-48B9-A2FE-E23C6D273F45}.Debug|x64.Deploy.0 = Debug|x64
		{C176F335-CC3F-48B9-A2FE-E23C6D273F45}.Debug|x86.ActiveCfg = Debug|Win32
		{C176F335-CC3F-48B9-A2FE-E23C6D273F45}.Debug|x86.Build.0 = Debug|Win32
		{C176F335-CC3F-48B9-A2FE-E23C6D273F45}.Debug|x86.Deploy.0 = Debug|Win32
		{C176F335-CC3F-48B9-A2FE-E23C6D273F45}.Release|Any CPU.ActiveCfg = Release|Win32
		{C176F335-CC3F-48B9-A2FE-E23C6D273F45}.Release|x64.ActiveCfg = Release|x64
		{C176F335-CC3F-48B9-A2FE-E23C6D273F45}.Release|x64.Build.0 = Release|x64
		{C176F335-CC3F-48B9-A2FE-E23C6D273F45}.Release|x64.Deploy.0 = Release|x64
		{C176F335-CC3F-48B9-A2FE-E23C6D273F45}.Release|x86.ActiveCfg = Release|Win32
		{C176F335-CC3F-48B9-A2FE-E23C6D273F45}.Release|x86.Build.0 = Release|Win32
		{C176F335-CC3F-48B9-A2FE-E23C6D273F45}.Release|x86.Deploy.0 = Release|Win32
		{456028EB-1F34-40B0-B478-63F2A5D4638C}.Debug|Any CPU.ActiveCfg = Debug|Win32
		{456028EB-1F34-40B0-B478-63F2A5D4638C}.Debug|x64.ActiveCfg = Debug|x64
		{456028EB-1F34-40B0-B478-63F2A5D4638C}.Debug|x64.Build.0 = Debug|x64
		{456028EB-1F34-40B0-B478-63F2A5D4638C}.Debug|x86.ActiveCfg = Debug|Win32
		{456028EB-1F34-40B0-B478-63F2A5D4638C}.Debug|x86.Build.0 = Debug|Win32
		{456028EB-1F34-40B0-B478-63F2A5D4638C}.Release|Any CPU.ActiveCfg = Release|Win32
		{456028EB-1F34-40B0-B478-63F2A5D4638C}.Release|x64.ActiveCfg = Release|x64
		{456028EB-1F34-40B0-B478-63F2A5D4638C}.Release|x64.Build.0 = Release|x64
		{456028EB-1F34-40B0-B478-63F2A5D4638C}.Release|x86.ActiveCfg = Release|Win32
		{456028EB-1F34-40B0-B478-63F2A5D4638C}.Release|x86.Build.0 = Release|Win32
		{2AE3FC1B-8420-42BA-9EC8-05E52A710B96}.Debug|Any CPU.ActiveCfg = Debug|Win32
		{2AE3FC1B-8420-42BA-9EC8-05E52A710B96}.Debug|x64.ActiveCfg = Debug|x64
		{2AE3FC1B-8420-42BA-9EC8-05E52A710B96}.Debug|x64.Build.0 = Debug|x64
		{2AE3FC1B-8420-42BA-9EC8-05E52A710B96}.Debug|x86.ActiveCfg = Debug|Win32
		{2AE3FC1B-8420-42BA-9EC8-05E52A710B96}.Debug|x86.Build.0 = Debug|Win32
		{2AE3FC1B-8420-42BA-9EC8-05E52A710B96}.Release|Any CPU.ActiveCfg = Release|Win32
		{2AE3FC1B-8420-42BA-9EC8-05E52A710B96}.Release|x64.ActiveCfg = Release|x64
		{2AE3FC1B-8420-42BA-9EC8-05E52A710B96}.Release|x64.Build.0 = Release|x64
		{2AE3FC1B-8420-42BA-9EC8-05E52A710B96}.Release|x86.ActiveCfg = Release|Win32
		{2AE3FC1B-8420-42BA-9EC8-05E52A710B96}.Release|x86.Build.0 = Release|Win32
	EndGlobalSection
	GlobalSection(SolutionProperties) = preSolution
		HideSolutionNode = FALSE
	EndGlobalSection
	GlobalSection(ExtensibilityGlobals) = postSolution
		SolutionGuid = {DBFB063B-43A2-47CC-8C09-90D6770CA12B}
	EndGlobalSection
EndGlobal
